// !$*UTF8*$!
{
	archiveVersion = 1;
	classes = {
	};
	objectVersion = 46;
	objects = {

/* Begin PBXBuildFile section */
		048AD0AE197D24AB001963EF /* CoreMotion.framework in Frameworks */ = {isa = PBXBuildFile; fileRef = 048AD0AD197D24AB001963EF /* CoreMotion.framework */; };
		04998D3617F8A97D003441C3 /* libSDL2.a in Frameworks */ = {isa = PBXBuildFile; fileRef = 04998D3517F8A96E003441C3 /* libSDL2.a */; };
		04998EE617F8ADB4003441C3 /* libz.dylib in Frameworks */ = {isa = PBXBuildFile; fileRef = 04998EE117F8ADB4003441C3 /* libz.dylib */; };
		04998EE717F8ADB4003441C3 /* QuartzCore.framework in Frameworks */ = {isa = PBXBuildFile; fileRef = 04998EE217F8ADB4003441C3 /* QuartzCore.framework */; };
		04998EE817F8ADB4003441C3 /* AudioToolbox.framework in Frameworks */ = {isa = PBXBuildFile; fileRef = 04998EE317F8ADB4003441C3 /* AudioToolbox.framework */; };
		04998EEA17F8ADB4003441C3 /* OpenGLES.framework in Frameworks */ = {isa = PBXBuildFile; fileRef = 04998EE517F8ADB4003441C3 /* OpenGLES.framework */; };
		04998EEE17F8ADD4003441C3 /* UIKit.framework in Frameworks */ = {isa = PBXBuildFile; fileRef = 04998EEB17F8ADD4003441C3 /* UIKit.framework */; };
		04998EEF17F8ADD4003441C3 /* Foundation.framework in Frameworks */ = {isa = PBXBuildFile; fileRef = 04998EEC17F8ADD4003441C3 /* Foundation.framework */; };
		04998EF017F8ADD4003441C3 /* CoreGraphics.framework in Frameworks */ = {isa = PBXBuildFile; fileRef = 04998EED17F8ADD4003441C3 /* CoreGraphics.framework */; };
		04998EF717F8B6F3003441C3 /* libpng.a in Frameworks */ = {isa = PBXBuildFile; fileRef = 04998EF517F8B6F3003441C3 /* libpng.a */; };
		04998EF817F8B6F3003441C3 /* libjpeg.a in Frameworks */ = {isa = PBXBuildFile; fileRef = 04998EF617F8B6F3003441C3 /* libjpeg.a */; };
		049B52B11871EBFA00EF3C66 /* liboxygine_ios.a in Frameworks */ = {isa = PBXBuildFile; fileRef = 049B52AD1871EBBA00EF3C66 /* liboxygine_ios.a */; };
		04E9AD3F1876FE84006A7317 /* Images.xcassets in Resources */ = {isa = PBXBuildFile; fileRef = 04E9AD3E1876FE84006A7317 /* Images.xcassets */; };
		4FC00508218CF2C00024885C /* CoreBluetooth.framework in Frameworks */ = {isa = PBXBuildFile; fileRef = 4FC00503218CF2BF0024885C /* CoreBluetooth.framework */; };
		4FD888B6218CEB9600BF2A1C /* Joystick.cpp in Sources */ = {isa = PBXBuildFile; fileRef = 4FD88898218CEB9400BF2A1C /* Joystick.cpp */; };
		4FD888B7218CEB9600BF2A1C /* MyScene.cpp in Sources */ = {isa = PBXBuildFile; fileRef = 4FD88899218CEB9400BF2A1C /* MyScene.cpp */; };
		4FD888B8218CEB9600BF2A1C /* res.cpp in Sources */ = {isa = PBXBuildFile; fileRef = 4FD8889A218CEB9400BF2A1C /* res.cpp */; };
		4FD888B9218CEB9600BF2A1C /* Unit.cpp in Sources */ = {isa = PBXBuildFile; fileRef = 4FD8889D218CEB9500BF2A1C /* Unit.cpp */; };
		4FD888BA218CEB9600BF2A1C /* GameMenu.cpp in Sources */ = {isa = PBXBuildFile; fileRef = 4FD8889E218CEB9500BF2A1C /* GameMenu.cpp */; };
		4FD888BB218CEB9600BF2A1C /* main.cpp in Sources */ = {isa = PBXBuildFile; fileRef = 4FD8889F218CEB9500BF2A1C /* main.cpp */; };
		4FD888BC218CEB9600BF2A1C /* Enemy.cpp in Sources */ = {isa = PBXBuildFile; fileRef = 4FD888A1218CEB9500BF2A1C /* Enemy.cpp */; };
		4FD888BD218CEB9600BF2A1C /* GameScene.cpp in Sources */ = {isa = PBXBuildFile; fileRef = 4FD888A3218CEB9500BF2A1C /* GameScene.cpp */; };
		4FD888BE218CEB9600BF2A1C /* Player.cpp in Sources */ = {isa = PBXBuildFile; fileRef = 4FD888A6218CEB9500BF2A1C /* Player.cpp */; };
		4FD888BF218CEB9600BF2A1C /* Rocket.cpp in Sources */ = {isa = PBXBuildFile; fileRef = 4FD888A8218CEB9600BF2A1C /* Rocket.cpp */; };
		4FD888C0218CEB9600BF2A1C /* Game.cpp in Sources */ = {isa = PBXBuildFile; fileRef = 4FD888A9218CEB9600BF2A1C /* Game.cpp */; };
		4FD888C1218CEB9600BF2A1C /* example.cpp in Sources */ = {isa = PBXBuildFile; fileRef = 4FD888AC218CEB9600BF2A1C /* example.cpp */; };
		4FD888C2218CEB9600BF2A1C /* MyButton.cpp in Sources */ = {isa = PBXBuildFile; fileRef = 4FD888AD218CEB9600BF2A1C /* MyButton.cpp */; };
		4FD888C3218CEB9600BF2A1C /* AppDelegate.mm in Sources */ = {isa = PBXBuildFile; fileRef = 4FD888B1218CEB9600BF2A1C /* AppDelegate.mm */; };
		4FD888C4218CEB9600BF2A1C /* MainMenuScene.cpp in Sources */ = {isa = PBXBuildFile; fileRef = 4FD888B3218CEB9600BF2A1C /* MainMenuScene.cpp */; };
		9223FE7F1C2D913D000B1FDA /* GameController.framework in Frameworks */ = {isa = PBXBuildFile; fileRef = 9223FE7E1C2D913D000B1FDA /* GameController.framework */; };
		922B9F8F1BBB2FB100B1401E /* (null) in Resources */ = {isa = PBXBuildFile; };
		923A454B1CC2277500717CDB /* liboxygine-sound.a in Frameworks */ = {isa = PBXBuildFile; fileRef = 923A45471CC2276000717CDB /* liboxygine-sound.a */; };
		923A454E1CC227ED00717CDB /* OpenAL.framework in Frameworks */ = {isa = PBXBuildFile; fileRef = 923A454D1CC227ED00717CDB /* OpenAL.framework */; };
		923A45531CC2281100717CDB /* fonts in Resources */ = {isa = PBXBuildFile; fileRef = 923A454F1CC2281100717CDB /* fonts */; };
		923A45541CC2281100717CDB /* sounds in Resources */ = {isa = PBXBuildFile; fileRef = 923A45501CC2281100717CDB /* sounds */; };
		923A45551CC2281100717CDB /* ui.xml.ox in Resources */ = {isa = PBXBuildFile; fileRef = 923A45511CC2281100717CDB /* ui.xml.ox */; };
		923A45561CC2281100717CDB /* xmls in Resources */ = {isa = PBXBuildFile; fileRef = 923A45521CC2281100717CDB /* xmls */; };
		9286F9591CCAC21D00D59913 /* flow.cpp in Sources */ = {isa = PBXBuildFile; fileRef = 9286F9561CCAC21D00D59913 /* flow.cpp */; };
		9286F95A1CCAC21D00D59913 /* Scene.cpp in Sources */ = {isa = PBXBuildFile; fileRef = 9286F9571CCAC21D00D59913 /* Scene.cpp */; };
		9286F95B1CCAC21D00D59913 /* Transition.cpp in Sources */ = {isa = PBXBuildFile; fileRef = 9286F9581CCAC21D00D59913 /* Transition.cpp */; };
		9286F9641CCAC2D200D59913 /* AppDelegate.mm in Sources */ = {isa = PBXBuildFile; fileRef = 9286F9631CCAC2D200D59913 /* AppDelegate.mm */; };
		AD35392C1DEB7FA4000C6C7B /* AVFoundation.framework in Frameworks */ = {isa = PBXBuildFile; fileRef = AD35392B1DEB7FA4000C6C7B /* AVFoundation.framework */; };
		ADBB65FE1DEB7B4400CB7EC4 /* liboxygine-freetype-ios.a in Frameworks */ = {isa = PBXBuildFile; fileRef = ADBB65FB1DEB7B2900CB7EC4 /* liboxygine-freetype-ios.a */; };
		ADBB66001DEB7B6200CB7EC4 /* libbz2.1.0.tbd in Frameworks */ = {isa = PBXBuildFile; fileRef = ADBB65FF1DEB7B6200CB7EC4 /* libbz2.1.0.tbd */; };
/* End PBXBuildFile section */

/* Begin PBXContainerItemProxy section */
		04998D3417F8A96E003441C3 /* PBXContainerItemProxy */ = {
			isa = PBXContainerItemProxy;
			containerPortal = 04998D2F17F8A96E003441C3 /* SDL.xcodeproj */;
			proxyType = 2;
			remoteGlobalIDString = FD6526630DE8FCCB002AD96B;
			remoteInfo = libSDL;
		};
		04998D3717F8A982003441C3 /* PBXContainerItemProxy */ = {
			isa = PBXContainerItemProxy;
			containerPortal = 04998D2F17F8A96E003441C3 /* SDL.xcodeproj */;
			proxyType = 1;
			remoteGlobalIDString = FD6526620DE8FCCB002AD96B;
			remoteInfo = libSDL;
		};
		049B52AC1871EBBA00EF3C66 /* PBXContainerItemProxy */ = {
			isa = PBXContainerItemProxy;
			containerPortal = 04998D3917F8A9AA003441C3 /* oxygine_ios.xcodeproj */;
			proxyType = 2;
			remoteGlobalIDString = C3E86F4C16EBC8A500052915;
			remoteInfo = oxygine_ios;
		};
		049B52AF1871EBD100EF3C66 /* PBXContainerItemProxy */ = {
			isa = PBXContainerItemProxy;
			containerPortal = 04998D3917F8A9AA003441C3 /* oxygine_ios.xcodeproj */;
			proxyType = 1;
			remoteGlobalIDString = C3E86F4B16EBC8A500052915;
			remoteInfo = oxygine_ios;
		};
		923A45461CC2276000717CDB /* PBXContainerItemProxy */ = {
			isa = PBXContainerItemProxy;
			containerPortal = 923A45421CC2276000717CDB /* oxygine-sound.xcodeproj */;
			proxyType = 2;
			remoteGlobalIDString = 92AF25E919C637F80026E2CE;
			remoteInfo = "oxygine-sound";
		};
		923A45491CC2277100717CDB /* PBXContainerItemProxy */ = {
			isa = PBXContainerItemProxy;
			containerPortal = 923A45421CC2276000717CDB /* oxygine-sound.xcodeproj */;
			proxyType = 1;
			remoteGlobalIDString = 92AF25E819C637F80026E2CE;
			remoteInfo = "oxygine-sound";
		};
		AD3539271DEB7F60000C6C7B /* PBXContainerItemProxy */ = {
			isa = PBXContainerItemProxy;
			containerPortal = 04998D2F17F8A96E003441C3 /* SDL.xcodeproj */;
			proxyType = 2;
			remoteGlobalIDString = FAB598141BB5C1B100BE72C5;
			remoteInfo = "libSDL-tv";
		};
		ADBB65FA1DEB7B2900CB7EC4 /* PBXContainerItemProxy */ = {
			isa = PBXContainerItemProxy;
			containerPortal = ADBB65F61DEB7B2900CB7EC4 /* oxygine-freetype-ios.xcodeproj */;
			proxyType = 2;
			remoteGlobalIDString = AD13449B1D4AFCDB00D65B88;
			remoteInfo = "oxygine-freetype-ios";
		};
		ADBB65FC1DEB7B3B00CB7EC4 /* PBXContainerItemProxy */ = {
			isa = PBXContainerItemProxy;
			containerPortal = ADBB65F61DEB7B2900CB7EC4 /* oxygine-freetype-ios.xcodeproj */;
			proxyType = 1;
			remoteGlobalIDString = AD13449A1D4AFCDB00D65B88;
			remoteInfo = "oxygine-freetype-ios";
		};
/* End PBXContainerItemProxy section */

/* Begin PBXFileReference section */
		048AD0AD197D24AB001963EF /* CoreMotion.framework */ = {isa = PBXFileReference; lastKnownFileType = wrapper.framework; name = CoreMotion.framework; path = System/Library/Frameworks/CoreMotion.framework; sourceTree = SDKROOT; };
		04998CEC17F8A933003441C3 /* my_awesome_game_ios.app */ = {isa = PBXFileReference; explicitFileType = wrapper.application; includeInIndex = 0; path = my_awesome_game_ios.app; sourceTree = BUILT_PRODUCTS_DIR; };
		04998D2F17F8A96E003441C3 /* SDL.xcodeproj */ = {isa = PBXFileReference; lastKnownFileType = "wrapper.pb-project"; name = SDL.xcodeproj; path = "../../../libs/SDL/Xcode-iOS/SDL/SDL.xcodeproj"; sourceTree = "<group>"; };
		04998D3917F8A9AA003441C3 /* oxygine_ios.xcodeproj */ = {isa = PBXFileReference; lastKnownFileType = "wrapper.pb-project"; name = oxygine_ios.xcodeproj; path = "../../../libs/oxygine-framework//oxygine/SDL/ios/oxygine/oxygine_ios.xcodeproj"; sourceTree = "<group>"; };
		04998EE117F8ADB4003441C3 /* libz.dylib */ = {isa = PBXFileReference; lastKnownFileType = "compiled.mach-o.dylib"; name = libz.dylib; path = usr/lib/libz.dylib; sourceTree = SDKROOT; };
		04998EE217F8ADB4003441C3 /* QuartzCore.framework */ = {isa = PBXFileReference; lastKnownFileType = wrapper.framework; name = QuartzCore.framework; path = System/Library/Frameworks/QuartzCore.framework; sourceTree = SDKROOT; };
		04998EE317F8ADB4003441C3 /* AudioToolbox.framework */ = {isa = PBXFileReference; lastKnownFileType = wrapper.framework; name = AudioToolbox.framework; path = System/Library/Frameworks/AudioToolbox.framework; sourceTree = SDKROOT; };
		04998EE417F8ADB4003441C3 /* CoreAudio.framework */ = {isa = PBXFileReference; lastKnownFileType = wrapper.framework; name = CoreAudio.framework; path = System/Library/Frameworks/CoreAudio.framework; sourceTree = SDKROOT; };
		04998EE517F8ADB4003441C3 /* OpenGLES.framework */ = {isa = PBXFileReference; lastKnownFileType = wrapper.framework; name = OpenGLES.framework; path = System/Library/Frameworks/OpenGLES.framework; sourceTree = SDKROOT; };
		04998EEB17F8ADD4003441C3 /* UIKit.framework */ = {isa = PBXFileReference; lastKnownFileType = wrapper.framework; name = UIKit.framework; path = System/Library/Frameworks/UIKit.framework; sourceTree = SDKROOT; };
		04998EEC17F8ADD4003441C3 /* Foundation.framework */ = {isa = PBXFileReference; lastKnownFileType = wrapper.framework; name = Foundation.framework; path = System/Library/Frameworks/Foundation.framework; sourceTree = SDKROOT; };
		04998EED17F8ADD4003441C3 /* CoreGraphics.framework */ = {isa = PBXFileReference; lastKnownFileType = wrapper.framework; name = CoreGraphics.framework; path = System/Library/Frameworks/CoreGraphics.framework; sourceTree = SDKROOT; };
		04998EF517F8B6F3003441C3 /* libpng.a */ = {isa = PBXFileReference; lastKnownFileType = archive.ar; name = libpng.a; path = "../../../libs/oxygine-framework//oxygine/third_party/ios/libraries/libpng.a"; sourceTree = "<group>"; };
		04998EF617F8B6F3003441C3 /* libjpeg.a */ = {isa = PBXFileReference; lastKnownFileType = archive.ar; name = libjpeg.a; path = "../../../libs/oxygine-framework//oxygine/third_party/ios/libraries/libjpeg.a"; sourceTree = "<group>"; };
		04E9AD3E1876FE84006A7317 /* Images.xcassets */ = {isa = PBXFileReference; lastKnownFileType = folder.assetcatalog; name = Images.xcassets; path = my_awesome_game/Images.xcassets; sourceTree = "<group>"; };
		4FC00503218CF2BF0024885C /* CoreBluetooth.framework */ = {isa = PBXFileReference; lastKnownFileType = wrapper.framework; name = CoreBluetooth.framework; path = System/Library/Frameworks/CoreBluetooth.framework; sourceTree = SDKROOT; };
		4FD88898218CEB9400BF2A1C /* Joystick.cpp */ = {isa = PBXFileReference; fileEncoding = 4; lastKnownFileType = sourcecode.cpp.cpp; name = Joystick.cpp; path = ../src/Joystick.cpp; sourceTree = "<group>"; };
		4FD88899218CEB9400BF2A1C /* MyScene.cpp */ = {isa = PBXFileReference; fileEncoding = 4; lastKnownFileType = sourcecode.cpp.cpp; name = MyScene.cpp; path = ../src/MyScene.cpp; sourceTree = "<group>"; };
		4FD8889A218CEB9400BF2A1C /* res.cpp */ = {isa = PBXFileReference; fileEncoding = 4; lastKnownFileType = sourcecode.cpp.cpp; name = res.cpp; path = ../src/res.cpp; sourceTree = "<group>"; };
		4FD8889B218CEB9400BF2A1C /* Player.h */ = {isa = PBXFileReference; fileEncoding = 4; lastKnownFileType = sourcecode.c.h; name = Player.h; path = ../src/Player.h; sourceTree = "<group>"; };
		4FD8889C218CEB9500BF2A1C /* MyButton.h */ = {isa = PBXFileReference; fileEncoding = 4; lastKnownFileType = sourcecode.c.h; name = MyButton.h; path = ../src/MyButton.h; sourceTree = "<group>"; };
		4FD8889D218CEB9500BF2A1C /* Unit.cpp */ = {isa = PBXFileReference; fileEncoding = 4; lastKnownFileType = sourcecode.cpp.cpp; name = Unit.cpp; path = ../src/Unit.cpp; sourceTree = "<group>"; };
		4FD8889E218CEB9500BF2A1C /* GameMenu.cpp */ = {isa = PBXFileReference; fileEncoding = 4; lastKnownFileType = sourcecode.cpp.cpp; name = GameMenu.cpp; path = ../src/GameMenu.cpp; sourceTree = "<group>"; };
		4FD8889F218CEB9500BF2A1C /* main.cpp */ = {isa = PBXFileReference; fileEncoding = 4; lastKnownFileType = sourcecode.cpp.cpp; name = main.cpp; path = ../src/main.cpp; sourceTree = "<group>"; };
		4FD888A0218CEB9500BF2A1C /* MainMenuScene.h */ = {isa = PBXFileReference; fileEncoding = 4; lastKnownFileType = sourcecode.c.h; name = MainMenuScene.h; path = ../src/MainMenuScene.h; sourceTree = "<group>"; };
		4FD888A1218CEB9500BF2A1C /* Enemy.cpp */ = {isa = PBXFileReference; fileEncoding = 4; lastKnownFileType = sourcecode.cpp.cpp; name = Enemy.cpp; path = ../src/Enemy.cpp; sourceTree = "<group>"; };
		4FD888A2218CEB9500BF2A1C /* Joystick.h */ = {isa = PBXFileReference; fileEncoding = 4; lastKnownFileType = sourcecode.c.h; name = Joystick.h; path = ../src/Joystick.h; sourceTree = "<group>"; };
		4FD888A3218CEB9500BF2A1C /* GameScene.cpp */ = {isa = PBXFileReference; fileEncoding = 4; lastKnownFileType = sourcecode.cpp.cpp; name = GameScene.cpp; path = ../src/GameScene.cpp; sourceTree = "<group>"; };
		4FD888A4218CEB9500BF2A1C /* Rocket.h */ = {isa = PBXFileReference; fileEncoding = 4; lastKnownFileType = sourcecode.c.h; name = Rocket.h; path = ../src/Rocket.h; sourceTree = "<group>"; };
		4FD888A5218CEB9500BF2A1C /* Game.h */ = {isa = PBXFileReference; fileEncoding = 4; lastKnownFileType = sourcecode.c.h; name = Game.h; path = ../src/Game.h; sourceTree = "<group>"; };
		4FD888A6218CEB9500BF2A1C /* Player.cpp */ = {isa = PBXFileReference; fileEncoding = 4; lastKnownFileType = sourcecode.cpp.cpp; name = Player.cpp; path = ../src/Player.cpp; sourceTree = "<group>"; };
		4FD888A7218CEB9500BF2A1C /* Unit.h */ = {isa = PBXFileReference; fileEncoding = 4; lastKnownFileType = sourcecode.c.h; name = Unit.h; path = ../src/Unit.h; sourceTree = "<group>"; };
		4FD888A8218CEB9600BF2A1C /* Rocket.cpp */ = {isa = PBXFileReference; fileEncoding = 4; lastKnownFileType = sourcecode.cpp.cpp; name = Rocket.cpp; path = ../src/Rocket.cpp; sourceTree = "<group>"; };
		4FD888A9218CEB9600BF2A1C /* Game.cpp */ = {isa = PBXFileReference; fileEncoding = 4; lastKnownFileType = sourcecode.cpp.cpp; name = Game.cpp; path = ../src/Game.cpp; sourceTree = "<group>"; };
		4FD888AA218CEB9600BF2A1C /* GameMenu.h */ = {isa = PBXFileReference; fileEncoding = 4; lastKnownFileType = sourcecode.c.h; name = GameMenu.h; path = ../src/GameMenu.h; sourceTree = "<group>"; };
		4FD888AB218CEB9600BF2A1C /* Enemy.h */ = {isa = PBXFileReference; fileEncoding = 4; lastKnownFileType = sourcecode.c.h; name = Enemy.h; path = ../src/Enemy.h; sourceTree = "<group>"; };
		4FD888AC218CEB9600BF2A1C /* example.cpp */ = {isa = PBXFileReference; fileEncoding = 4; lastKnownFileType = sourcecode.cpp.cpp; name = example.cpp; path = ../src/example.cpp; sourceTree = "<group>"; };
		4FD888AD218CEB9600BF2A1C /* MyButton.cpp */ = {isa = PBXFileReference; fileEncoding = 4; lastKnownFileType = sourcecode.cpp.cpp; name = MyButton.cpp; path = ../src/MyButton.cpp; sourceTree = "<group>"; };
		4FD888AE218CEB9600BF2A1C /* GameScene.h */ = {isa = PBXFileReference; fileEncoding = 4; lastKnownFileType = sourcecode.c.h; name = GameScene.h; path = ../src/GameScene.h; sourceTree = "<group>"; };
		4FD888B0218CEB9600BF2A1C /* AppDelegate.h */ = {isa = PBXFileReference; fileEncoding = 4; lastKnownFileType = sourcecode.c.h; path = AppDelegate.h; sourceTree = "<group>"; };
		4FD888B1218CEB9600BF2A1C /* AppDelegate.mm */ = {isa = PBXFileReference; fileEncoding = 4; lastKnownFileType = sourcecode.cpp.objcpp; path = AppDelegate.mm; sourceTree = "<group>"; };
		4FD888B2218CEB9600BF2A1C /* MyScene.h */ = {isa = PBXFileReference; fileEncoding = 4; lastKnownFileType = sourcecode.c.h; name = MyScene.h; path = ../src/MyScene.h; sourceTree = "<group>"; };
		4FD888B3218CEB9600BF2A1C /* MainMenuScene.cpp */ = {isa = PBXFileReference; fileEncoding = 4; lastKnownFileType = sourcecode.cpp.cpp; name = MainMenuScene.cpp; path = ../src/MainMenuScene.cpp; sourceTree = "<group>"; };
		4FD888B4218CEB9600BF2A1C /* example.h */ = {isa = PBXFileReference; fileEncoding = 4; lastKnownFileType = sourcecode.c.h; name = example.h; path = ../src/example.h; sourceTree = "<group>"; };
		4FD888B5218CEB9600BF2A1C /* res.h */ = {isa = PBXFileReference; fileEncoding = 4; lastKnownFileType = sourcecode.c.h; name = res.h; path = ../src/res.h; sourceTree = "<group>"; };
		9223FE7E1C2D913D000B1FDA /* GameController.framework */ = {isa = PBXFileReference; lastKnownFileType = wrapper.framework; name = GameController.framework; path = System/Library/Frameworks/GameController.framework; sourceTree = SDKROOT; };
		923A45421CC2276000717CDB /* oxygine-sound.xcodeproj */ = {isa = PBXFileReference; lastKnownFileType = "wrapper.pb-project"; name = "oxygine-sound.xcodeproj"; path = "../../../libs/oxygine-sound/proj.ios/oxygine-sound.xcodeproj"; sourceTree = "<group>"; };
		923A454C1CC227B800717CDB /* oxygine-sound.h */ = {isa = PBXFileReference; lastKnownFileType = sourcecode.c.h; name = "oxygine-sound.h"; path = "../../../libs/oxygine-sound/src/oxygine-sound.h"; sourceTree = "<group>"; };
		923A454D1CC227ED00717CDB /* OpenAL.framework */ = {isa = PBXFileReference; lastKnownFileType = wrapper.framework; name = OpenAL.framework; path = System/Library/Frameworks/OpenAL.framework; sourceTree = SDKROOT; };
		923A454F1CC2281100717CDB /* fonts */ = {isa = PBXFileReference; lastKnownFileType = folder; name = fonts; path = ../../data/fonts; sourceTree = "<group>"; };
		923A45501CC2281100717CDB /* sounds */ = {isa = PBXFileReference; lastKnownFileType = folder; name = sounds; path = ../../data/sounds; sourceTree = "<group>"; };
		923A45511CC2281100717CDB /* ui.xml.ox */ = {isa = PBXFileReference; lastKnownFileType = folder; name = ui.xml.ox; path = ../../data/ui.xml.ox; sourceTree = "<group>"; };
		923A45521CC2281100717CDB /* xmls */ = {isa = PBXFileReference; lastKnownFileType = folder; name = xmls; path = ../../data/xmls; sourceTree = "<group>"; };
		9286F9541CCAC1F600D59913 /* oxygine-flow.h */ = {isa = PBXFileReference; fileEncoding = 4; lastKnownFileType = sourcecode.c.h; name = "oxygine-flow.h"; path = "../../../libs/oxygine-flow/src/oxygine-flow.h"; sourceTree = "<group>"; };
		9286F9561CCAC21D00D59913 /* flow.cpp */ = {isa = PBXFileReference; fileEncoding = 4; lastKnownFileType = sourcecode.cpp.cpp; name = flow.cpp; path = "../../../libs/oxygine-flow/src/flow/flow.cpp"; sourceTree = "<group>"; };
		9286F9571CCAC21D00D59913 /* Scene.cpp */ = {isa = PBXFileReference; fileEncoding = 4; lastKnownFileType = sourcecode.cpp.cpp; name = Scene.cpp; path = "../../../libs/oxygine-flow/src/flow/Scene.cpp"; sourceTree = "<group>"; };
		9286F9581CCAC21D00D59913 /* Transition.cpp */ = {isa = PBXFileReference; fileEncoding = 4; lastKnownFileType = sourcecode.cpp.cpp; name = Transition.cpp; path = "../../../libs/oxygine-flow/src/flow/Transition.cpp"; sourceTree = "<group>"; };
		9286F9621CCAC2D200D59913 /* AppDelegate.h */ = {isa = PBXFileReference; fileEncoding = 4; lastKnownFileType = sourcecode.c.h; path = AppDelegate.h; sourceTree = "<group>"; };
		9286F9631CCAC2D200D59913 /* AppDelegate.mm */ = {isa = PBXFileReference; fileEncoding = 4; lastKnownFileType = sourcecode.cpp.objcpp; path = AppDelegate.mm; sourceTree = "<group>"; };
		AD35392B1DEB7FA4000C6C7B /* AVFoundation.framework */ = {isa = PBXFileReference; lastKnownFileType = wrapper.framework; name = AVFoundation.framework; path = System/Library/Frameworks/AVFoundation.framework; sourceTree = SDKROOT; };
		ADBB65F61DEB7B2900CB7EC4 /* oxygine-freetype-ios.xcodeproj */ = {isa = PBXFileReference; lastKnownFileType = "wrapper.pb-project"; name = "oxygine-freetype-ios.xcodeproj"; path = "../../../libs/oxygine-freetype/proj.ios/oxygine-freetype-ios/oxygine-freetype-ios.xcodeproj"; sourceTree = "<group>"; };
		ADBB65FF1DEB7B6200CB7EC4 /* libbz2.1.0.tbd */ = {isa = PBXFileReference; lastKnownFileType = "sourcecode.text-based-dylib-definition"; name = libbz2.1.0.tbd; path = usr/lib/libbz2.1.0.tbd; sourceTree = SDKROOT; };
/* End PBXFileReference section */

/* Begin PBXFrameworksBuildPhase section */
		04998CE917F8A933003441C3 /* Frameworks */ = {
			isa = PBXFrameworksBuildPhase;
			buildActionMask = 2147483647;
			files = (
				4FC00508218CF2C00024885C /* CoreBluetooth.framework in Frameworks */,
				AD35392C1DEB7FA4000C6C7B /* AVFoundation.framework in Frameworks */,
				ADBB66001DEB7B6200CB7EC4 /* libbz2.1.0.tbd in Frameworks */,
				ADBB65FE1DEB7B4400CB7EC4 /* liboxygine-freetype-ios.a in Frameworks */,
				923A454E1CC227ED00717CDB /* OpenAL.framework in Frameworks */,
				923A454B1CC2277500717CDB /* liboxygine-sound.a in Frameworks */,
				9223FE7F1C2D913D000B1FDA /* GameController.framework in Frameworks */,
				049B52B11871EBFA00EF3C66 /* liboxygine_ios.a in Frameworks */,
				04998D3617F8A97D003441C3 /* libSDL2.a in Frameworks */,
				04998EF017F8ADD4003441C3 /* CoreGraphics.framework in Frameworks */,
				048AD0AE197D24AB001963EF /* CoreMotion.framework in Frameworks */,
				04998EEF17F8ADD4003441C3 /* Foundation.framework in Frameworks */,
				04998EE617F8ADB4003441C3 /* libz.dylib in Frameworks */,
				04998EF817F8B6F3003441C3 /* libjpeg.a in Frameworks */,
				04998EEE17F8ADD4003441C3 /* UIKit.framework in Frameworks */,
				04998EE817F8ADB4003441C3 /* AudioToolbox.framework in Frameworks */,
				04998EE717F8ADB4003441C3 /* QuartzCore.framework in Frameworks */,
				04998EEA17F8ADB4003441C3 /* OpenGLES.framework in Frameworks */,
				04998EF717F8B6F3003441C3 /* libpng.a in Frameworks */,
			);
			runOnlyForDeploymentPostprocessing = 0;
		};
/* End PBXFrameworksBuildPhase section */

/* Begin PBXGroup section */
		045D531C17F8BD5E00CC2C64 /* dependencies */ = {
			isa = PBXGroup;
			children = (
				ADBB65F61DEB7B2900CB7EC4 /* oxygine-freetype-ios.xcodeproj */,
				9286F9551CCAC20600D59913 /* oxygine-flow */,
				9286F9541CCAC1F600D59913 /* oxygine-flow.h */,
				923A454C1CC227B800717CDB /* oxygine-sound.h */,
				923A45421CC2276000717CDB /* oxygine-sound.xcodeproj */,
				04998EE117F8ADB4003441C3 /* libz.dylib */,
				04998EF617F8B6F3003441C3 /* libjpeg.a */,
				04998EF517F8B6F3003441C3 /* libpng.a */,
			);
			name = dependencies;
			sourceTree = "<group>";
		};
		04998CE317F8A933003441C3 = {
			isa = PBXGroup;
			children = (
				045D531C17F8BD5E00CC2C64 /* dependencies */,
				04998D3917F8A9AA003441C3 /* oxygine_ios.xcodeproj */,
				04998D2F17F8A96E003441C3 /* SDL.xcodeproj */,
				04998D4417F8A9ED003441C3 /* src */,
				04E9AD3E1876FE84006A7317 /* Images.xcassets */,
				04998CF617F8A933003441C3 /* Supporting Files */,
				04998CEE17F8A933003441C3 /* Frameworks */,
				04998CED17F8A933003441C3 /* Products */,
			);
			sourceTree = "<group>";
		};
		04998CED17F8A933003441C3 /* Products */ = {
			isa = PBXGroup;
			children = (
				04998CEC17F8A933003441C3 /* my_awesome_game_ios.app */,
			);
			name = Products;
			sourceTree = "<group>";
		};
		04998CEE17F8A933003441C3 /* Frameworks */ = {
			isa = PBXGroup;
			children = (
				4FC00503218CF2BF0024885C /* CoreBluetooth.framework */,
				AD35392B1DEB7FA4000C6C7B /* AVFoundation.framework */,
				ADBB65FF1DEB7B6200CB7EC4 /* libbz2.1.0.tbd */,
				923A454D1CC227ED00717CDB /* OpenAL.framework */,
				9223FE7E1C2D913D000B1FDA /* GameController.framework */,
				04998EEB17F8ADD4003441C3 /* UIKit.framework */,
				048AD0AD197D24AB001963EF /* CoreMotion.framework */,
				04998EEC17F8ADD4003441C3 /* Foundation.framework */,
				04998EED17F8ADD4003441C3 /* CoreGraphics.framework */,
				04998EE217F8ADB4003441C3 /* QuartzCore.framework */,
				04998EE317F8ADB4003441C3 /* AudioToolbox.framework */,
				04998EE417F8ADB4003441C3 /* CoreAudio.framework */,
				04998EE517F8ADB4003441C3 /* OpenGLES.framework */,
			);
			name = Frameworks;
			sourceTree = "<group>";
		};
		04998CF617F8A933003441C3 /* Supporting Files */ = {
			isa = PBXGroup;
			children = (
				923A454F1CC2281100717CDB /* fonts */,
				923A45501CC2281100717CDB /* sounds */,
				923A45511CC2281100717CDB /* ui.xml.ox */,
				923A45521CC2281100717CDB /* xmls */,
			);
			name = "Supporting Files";
			sourceTree = "<group>";
		};
		04998D3017F8A96E003441C3 /* Products */ = {
			isa = PBXGroup;
			children = (
				04998D3517F8A96E003441C3 /* libSDL2.a */,
				AD3539281DEB7F60000C6C7B /* libSDL2.a */,
			);
			name = Products;
			sourceTree = "<group>";
		};
		04998D4417F8A9ED003441C3 /* src */ = {
			isa = PBXGroup;
			children = (
				4FD888A1218CEB9500BF2A1C /* Enemy.cpp */,
				4FD888AB218CEB9600BF2A1C /* Enemy.h */,
				4FD888AC218CEB9600BF2A1C /* example.cpp */,
				4FD888B4218CEB9600BF2A1C /* example.h */,
				4FD888A9218CEB9600BF2A1C /* Game.cpp */,
				4FD888A5218CEB9500BF2A1C /* Game.h */,
				4FD8889E218CEB9500BF2A1C /* GameMenu.cpp */,
				4FD888AA218CEB9600BF2A1C /* GameMenu.h */,
				4FD888A3218CEB9500BF2A1C /* GameScene.cpp */,
				4FD888AE218CEB9600BF2A1C /* GameScene.h */,
				4FD888AF218CEB9600BF2A1C /* ios */,
				4FD88898218CEB9400BF2A1C /* Joystick.cpp */,
				4FD888A2218CEB9500BF2A1C /* Joystick.h */,
				4FD8889F218CEB9500BF2A1C /* main.cpp */,
				4FD888B3218CEB9600BF2A1C /* MainMenuScene.cpp */,
				4FD888A0218CEB9500BF2A1C /* MainMenuScene.h */,
				4FD888AD218CEB9600BF2A1C /* MyButton.cpp */,
				4FD8889C218CEB9500BF2A1C /* MyButton.h */,
				4FD88899218CEB9400BF2A1C /* MyScene.cpp */,
				4FD888B2218CEB9600BF2A1C /* MyScene.h */,
				4FD888A6218CEB9500BF2A1C /* Player.cpp */,
				4FD8889B218CEB9400BF2A1C /* Player.h */,
				4FD8889A218CEB9400BF2A1C /* res.cpp */,
				4FD888B5218CEB9600BF2A1C /* res.h */,
				4FD888A8218CEB9600BF2A1C /* Rocket.cpp */,
				4FD888A4218CEB9500BF2A1C /* Rocket.h */,
				4FD8889D218CEB9500BF2A1C /* Unit.cpp */,
				4FD888A7218CEB9500BF2A1C /* Unit.h */,
				9286F9611CCAC2D200D59913 /* ios */,
			);
			name = src;
			sourceTree = "<group>";
		};
		049B52A91871EBBA00EF3C66 /* Products */ = {
			isa = PBXGroup;
			children = (
				049B52AD1871EBBA00EF3C66 /* liboxygine_ios.a */,
			);
			name = Products;
			sourceTree = "<group>";
		};
		4FD888AF218CEB9600BF2A1C /* ios */ = {
			isa = PBXGroup;
			children = (
				4FD888B0218CEB9600BF2A1C /* AppDelegate.h */,
				4FD888B1218CEB9600BF2A1C /* AppDelegate.mm */,
			);
			name = ios;
			path = ../src/ios;
			sourceTree = "<group>";
		};
		923A45431CC2276000717CDB /* Products */ = {
			isa = PBXGroup;
			children = (
				923A45471CC2276000717CDB /* liboxygine-sound.a */,
			);
			name = Products;
			sourceTree = "<group>";
		};
		9286F9551CCAC20600D59913 /* oxygine-flow */ = {
			isa = PBXGroup;
			children = (
				9286F9561CCAC21D00D59913 /* flow.cpp */,
				9286F9571CCAC21D00D59913 /* Scene.cpp */,
				9286F9581CCAC21D00D59913 /* Transition.cpp */,
			);
			name = "oxygine-flow";
			sourceTree = "<group>";
		};
		9286F9611CCAC2D200D59913 /* ios */ = {
			isa = PBXGroup;
			children = (
				9286F9621CCAC2D200D59913 /* AppDelegate.h */,
				9286F9631CCAC2D200D59913 /* AppDelegate.mm */,
			);
			name = ios;
			path = ../src/ios;
			sourceTree = "<group>";
		};
		ADBB65F71DEB7B2900CB7EC4 /* Products */ = {
			isa = PBXGroup;
			children = (
				ADBB65FB1DEB7B2900CB7EC4 /* liboxygine-freetype-ios.a */,
			);
			name = Products;
			sourceTree = "<group>";
		};
/* End PBXGroup section */

/* Begin PBXNativeTarget section */
		04998CEB17F8A933003441C3 /* my_awesome_game_ios */ = {
			isa = PBXNativeTarget;
			buildConfigurationList = 04998D2117F8A933003441C3 /* Build configuration list for PBXNativeTarget "my_awesome_game_ios" */;
			buildPhases = (
				04998CE817F8A933003441C3 /* Sources */,
				04998CE917F8A933003441C3 /* Frameworks */,
				04998CEA17F8A933003441C3 /* Resources */,
			);
			buildRules = (
			);
			dependencies = (
				ADBB65FD1DEB7B3B00CB7EC4 /* PBXTargetDependency */,
				923A454A1CC2277100717CDB /* PBXTargetDependency */,
				04998D3817F8A982003441C3 /* PBXTargetDependency */,
				049B52B01871EBD100EF3C66 /* PBXTargetDependency */,
			);
			name = my_awesome_game_ios;
			productName = my_awesome_game;
			productReference = 04998CEC17F8A933003441C3 /* my_awesome_game_ios.app */;
			productType = "com.apple.product-type.application";
		};
/* End PBXNativeTarget section */

/* Begin PBXProject section */
		04998CE417F8A933003441C3 /* Project object */ = {
			isa = PBXProject;
			attributes = {
				LastUpgradeCheck = 0510;
				ORGANIZATIONNAME = Mac;
				TargetAttributes = {
					04998CEB17F8A933003441C3 = {
						DevelopmentTeam = ANNH36MSRL;
					};
				};
			};
			buildConfigurationList = 04998CE717F8A933003441C3 /* Build configuration list for PBXProject "my_awesome_game_ios" */;
			compatibilityVersion = "Xcode 3.2";
			developmentRegion = English;
			hasScannedForEncodings = 0;
			knownRegions = (
				en,
				Base,
			);
			mainGroup = 04998CE317F8A933003441C3;
			productRefGroup = 04998CED17F8A933003441C3 /* Products */;
			projectDirPath = "";
			projectReferences = (
				{
					ProductGroup = ADBB65F71DEB7B2900CB7EC4 /* Products */;
					ProjectRef = ADBB65F61DEB7B2900CB7EC4 /* oxygine-freetype-ios.xcodeproj */;
				},
				{
					ProductGroup = 923A45431CC2276000717CDB /* Products */;
					ProjectRef = 923A45421CC2276000717CDB /* oxygine-sound.xcodeproj */;
				},
				{
					ProductGroup = 049B52A91871EBBA00EF3C66 /* Products */;
					ProjectRef = 04998D3917F8A9AA003441C3 /* oxygine_ios.xcodeproj */;
				},
				{
					ProductGroup = 04998D3017F8A96E003441C3 /* Products */;
					ProjectRef = 04998D2F17F8A96E003441C3 /* SDL.xcodeproj */;
				},
			);
			projectRoot = "";
			targets = (
				04998CEB17F8A933003441C3 /* my_awesome_game_ios */,
			);
		};
/* End PBXProject section */

/* Begin PBXReferenceProxy section */
		04998D3517F8A96E003441C3 /* libSDL2.a */ = {
			isa = PBXReferenceProxy;
			fileType = archive.ar;
			path = libSDL2.a;
			remoteRef = 04998D3417F8A96E003441C3 /* PBXContainerItemProxy */;
			sourceTree = BUILT_PRODUCTS_DIR;
		};
		049B52AD1871EBBA00EF3C66 /* liboxygine_ios.a */ = {
			isa = PBXReferenceProxy;
			fileType = archive.ar;
			path = liboxygine_ios.a;
			remoteRef = 049B52AC1871EBBA00EF3C66 /* PBXContainerItemProxy */;
			sourceTree = BUILT_PRODUCTS_DIR;
		};
		923A45471CC2276000717CDB /* liboxygine-sound.a */ = {
			isa = PBXReferenceProxy;
			fileType = archive.ar;
			path = "liboxygine-sound.a";
			remoteRef = 923A45461CC2276000717CDB /* PBXContainerItemProxy */;
			sourceTree = BUILT_PRODUCTS_DIR;
		};
		AD3539281DEB7F60000C6C7B /* libSDL2.a */ = {
			isa = PBXReferenceProxy;
			fileType = archive.ar;
			path = libSDL2.a;
			remoteRef = AD3539271DEB7F60000C6C7B /* PBXContainerItemProxy */;
			sourceTree = BUILT_PRODUCTS_DIR;
		};
		ADBB65FB1DEB7B2900CB7EC4 /* liboxygine-freetype-ios.a */ = {
			isa = PBXReferenceProxy;
			fileType = archive.ar;
			path = "liboxygine-freetype-ios.a";
			remoteRef = ADBB65FA1DEB7B2900CB7EC4 /* PBXContainerItemProxy */;
			sourceTree = BUILT_PRODUCTS_DIR;
		};
/* End PBXReferenceProxy section */

/* Begin PBXResourcesBuildPhase section */
		04998CEA17F8A933003441C3 /* Resources */ = {
			isa = PBXResourcesBuildPhase;
			buildActionMask = 2147483647;
			files = (
				923A45531CC2281100717CDB /* fonts in Resources */,
				04E9AD3F1876FE84006A7317 /* Images.xcassets in Resources */,
				923A45541CC2281100717CDB /* sounds in Resources */,
				923A45551CC2281100717CDB /* ui.xml.ox in Resources */,
				923A45561CC2281100717CDB /* xmls in Resources */,
				922B9F8F1BBB2FB100B1401E /* (null) in Resources */,
			);
			runOnlyForDeploymentPostprocessing = 0;
		};
/* End PBXResourcesBuildPhase section */

/* Begin PBXSourcesBuildPhase section */
		04998CE817F8A933003441C3 /* Sources */ = {
			isa = PBXSourcesBuildPhase;
			buildActionMask = 2147483647;
			files = (
				9286F95A1CCAC21D00D59913 /* Scene.cpp in Sources */,
				4FD888B9218CEB9600BF2A1C /* Unit.cpp in Sources */,
				4FD888B6218CEB9600BF2A1C /* Joystick.cpp in Sources */,
				4FD888BF218CEB9600BF2A1C /* Rocket.cpp in Sources */,
				4FD888C3218CEB9600BF2A1C /* AppDelegate.mm in Sources */,
				4FD888B8218CEB9600BF2A1C /* res.cpp in Sources */,
				4FD888BA218CEB9600BF2A1C /* GameMenu.cpp in Sources */,
				9286F9641CCAC2D200D59913 /* AppDelegate.mm in Sources */,
				4FD888C2218CEB9600BF2A1C /* MyButton.cpp in Sources */,
				9286F9591CCAC21D00D59913 /* flow.cpp in Sources */,
				4FD888C1218CEB9600BF2A1C /* example.cpp in Sources */,
				4FD888B7218CEB9600BF2A1C /* MyScene.cpp in Sources */,
				4FD888C0218CEB9600BF2A1C /* Game.cpp in Sources */,
				4FD888BE218CEB9600BF2A1C /* Player.cpp in Sources */,
				4FD888BB218CEB9600BF2A1C /* main.cpp in Sources */,
				4FD888BC218CEB9600BF2A1C /* Enemy.cpp in Sources */,
				4FD888BD218CEB9600BF2A1C /* GameScene.cpp in Sources */,
				9286F95B1CCAC21D00D59913 /* Transition.cpp in Sources */,
				4FD888C4218CEB9600BF2A1C /* MainMenuScene.cpp in Sources */,
			);
			runOnlyForDeploymentPostprocessing = 0;
		};
/* End PBXSourcesBuildPhase section */

/* Begin PBXTargetDependency section */
		04998D3817F8A982003441C3 /* PBXTargetDependency */ = {
			isa = PBXTargetDependency;
			name = libSDL;
			targetProxy = 04998D3717F8A982003441C3 /* PBXContainerItemProxy */;
		};
		049B52B01871EBD100EF3C66 /* PBXTargetDependency */ = {
			isa = PBXTargetDependency;
			name = oxygine_ios;
			targetProxy = 049B52AF1871EBD100EF3C66 /* PBXContainerItemProxy */;
		};
		923A454A1CC2277100717CDB /* PBXTargetDependency */ = {
			isa = PBXTargetDependency;
			name = "oxygine-sound";
			targetProxy = 923A45491CC2277100717CDB /* PBXContainerItemProxy */;
		};
		ADBB65FD1DEB7B3B00CB7EC4 /* PBXTargetDependency */ = {
			isa = PBXTargetDependency;
			name = "oxygine-freetype-ios";
			targetProxy = ADBB65FC1DEB7B3B00CB7EC4 /* PBXContainerItemProxy */;
		};
/* End PBXTargetDependency section */

/* Begin XCBuildConfiguration section */
		04998D1F17F8A933003441C3 /* Debug */ = {
			isa = XCBuildConfiguration;
			buildSettings = {
				ALWAYS_SEARCH_USER_PATHS = NO;
				CLANG_CXX_LANGUAGE_STANDARD = "gnu++0x";
				CLANG_CXX_LIBRARY = "libc++";
				CLANG_ENABLE_MODULES = YES;
				CLANG_ENABLE_OBJC_ARC = YES;
				CLANG_WARN_BOOL_CONVERSION = YES;
				CLANG_WARN_CONSTANT_CONVERSION = YES;
				CLANG_WARN_DIRECT_OBJC_ISA_USAGE = YES_ERROR;
				CLANG_WARN_EMPTY_BODY = YES;
				CLANG_WARN_ENUM_CONVERSION = YES;
				CLANG_WARN_INT_CONVERSION = YES;
				CLANG_WARN_OBJC_ROOT_CLASS = YES_ERROR;
				CLANG_WARN__DUPLICATE_METHOD_MATCH = YES;
				"CODE_SIGN_IDENTITY[sdk=iphoneos*]" = "iPhone Developer";
				COMPRESS_PNG_FILES = NO;
				COPY_PHASE_STRIP = NO;
				ENABLE_BITCODE = NO;
				GCC_C_LANGUAGE_STANDARD = gnu99;
				GCC_DYNAMIC_NO_PIC = NO;
				GCC_OPTIMIZATION_LEVEL = 0;
				GCC_PREPROCESSOR_DEFINITIONS = (
					"DEBUG=1",
					"$(inherited)",
				);
				GCC_SYMBOLS_PRIVATE_EXTERN = NO;
				GCC_WARN_64_TO_32_BIT_CONVERSION = YES;
				GCC_WARN_ABOUT_RETURN_TYPE = YES_ERROR;
				GCC_WARN_UNDECLARED_SELECTOR = YES;
				GCC_WARN_UNINITIALIZED_AUTOS = YES;
				GCC_WARN_UNUSED_FUNCTION = YES;
				GCC_WARN_UNUSED_VARIABLE = YES;
				IPHONEOS_DEPLOYMENT_TARGET = 9.0;
				LD_NO_PIE = NO;
				ONLY_ACTIVE_ARCH = NO;
				SDKROOT = iphoneos;
				TARGETED_DEVICE_FAMILY = "1,2";
				USER_HEADER_SEARCH_PATHS = "../../../libs/oxygine-framework//oxygine/src ../../../libs/SDL/include ../../../libs/oxygine-freetype/src";
			};
			name = Debug;
		};
		04998D2017F8A933003441C3 /* Release */ = {
			isa = XCBuildConfiguration;
			buildSettings = {
				ALWAYS_SEARCH_USER_PATHS = NO;
				CLANG_CXX_LANGUAGE_STANDARD = "gnu++0x";
				CLANG_CXX_LIBRARY = "libc++";
				CLANG_ENABLE_MODULES = YES;
				CLANG_ENABLE_OBJC_ARC = YES;
				CLANG_WARN_BOOL_CONVERSION = YES;
				CLANG_WARN_CONSTANT_CONVERSION = YES;
				CLANG_WARN_DIRECT_OBJC_ISA_USAGE = YES_ERROR;
				CLANG_WARN_EMPTY_BODY = YES;
				CLANG_WARN_ENUM_CONVERSION = YES;
				CLANG_WARN_INT_CONVERSION = YES;
				CLANG_WARN_OBJC_ROOT_CLASS = YES_ERROR;
				CLANG_WARN__DUPLICATE_METHOD_MATCH = YES;
				"CODE_SIGN_IDENTITY[sdk=iphoneos*]" = "iPhone Developer";
				COMPRESS_PNG_FILES = NO;
				COPY_PHASE_STRIP = YES;
				ENABLE_BITCODE = NO;
				ENABLE_NS_ASSERTIONS = NO;
				GCC_C_LANGUAGE_STANDARD = gnu99;
				GCC_WARN_64_TO_32_BIT_CONVERSION = YES;
				GCC_WARN_ABOUT_RETURN_TYPE = YES_ERROR;
				GCC_WARN_UNDECLARED_SELECTOR = YES;
				GCC_WARN_UNINITIALIZED_AUTOS = YES;
				GCC_WARN_UNUSED_FUNCTION = YES;
				GCC_WARN_UNUSED_VARIABLE = YES;
				IPHONEOS_DEPLOYMENT_TARGET = 9.0;
				LD_NO_PIE = NO;
				SDKROOT = iphoneos;
				TARGETED_DEVICE_FAMILY = "1,2";
				USER_HEADER_SEARCH_PATHS = "../../../libs/oxygine-framework//oxygine/src ../../../libs/SDL/include ../../../libs/oxygine-freetype/src";
				VALIDATE_PRODUCT = YES;
			};
			name = Release;
		};
		04998D2217F8A933003441C3 /* Debug */ = {
			isa = XCBuildConfiguration;
			buildSettings = {
				ASSETCATALOG_COMPILER_APPICON_NAME = AppIcon;
				ASSETCATALOG_COMPILER_LAUNCHIMAGE_NAME = LaunchImage;
				CODE_SIGN_IDENTITY = "iPhone Developer";
				"CODE_SIGN_IDENTITY[sdk=iphoneos*]" = "iPhone Developer";
				DEVELOPMENT_TEAM = ANNH36MSRL;
				GCC_PRECOMPILE_PREFIX_HEADER = YES;
				GCC_PREFIX_HEADER = "my_awesome_game/my_awesome_game_ios-Prefix.pch";
				GCC_WARN_UNUSED_VALUE = YES;
				GCC_WARN_UNUSED_VARIABLE = NO;
				INFOPLIST_FILE = "my_awesome_game/my_awesome_game_ios-Info.plist";
				IPHONEOS_DEPLOYMENT_TARGET = 9.0;
				LIBRARY_SEARCH_PATHS = (
					"$(inherited)",
					"../../../libs/oxygine-framework//oxygine/third_party/ios/libraries",
				);
				ONLY_ACTIVE_ARCH = YES;
				PRODUCT_BUNDLE_IDENTIFIER = "org.oxygine.my-awesome-game2";
				PRODUCT_NAME = my_awesome_game_ios;
				PROVISIONING_PROFILE = "";
				TARGETED_DEVICE_FAMILY = "1,2";
				WRAPPER_EXTENSION = app;
			};
			name = Debug;
		};
		04998D2317F8A933003441C3 /* Release */ = {
			isa = XCBuildConfiguration;
			buildSettings = {
				ASSETCATALOG_COMPILER_APPICON_NAME = AppIcon;
				ASSETCATALOG_COMPILER_LAUNCHIMAGE_NAME = LaunchImage;
				CODE_SIGN_IDENTITY = "iPhone Developer";
				"CODE_SIGN_IDENTITY[sdk=iphoneos*]" = "iPhone Developer";
				DEVELOPMENT_TEAM = ANNH36MSRL;
				GCC_PRECOMPILE_PREFIX_HEADER = YES;
				GCC_PREFIX_HEADER = "my_awesome_game/my_awesome_game_ios-Prefix.pch";
				GCC_WARN_UNUSED_VALUE = YES;
				GCC_WARN_UNUSED_VARIABLE = NO;
				INFOPLIST_FILE = "my_awesome_game/my_awesome_game_ios-Info.plist";
				IPHONEOS_DEPLOYMENT_TARGET = 9.0;
				LIBRARY_SEARCH_PATHS = (
					"$(inherited)",
					"../../../libs/oxygine-framework//oxygine/third_party/ios/libraries",
				);
				ONLY_ACTIVE_ARCH = NO;
				PRODUCT_BUNDLE_IDENTIFIER = "org.oxygine.my-awesome-game2";
				PRODUCT_NAME = my_awesome_game_ios;
				PROVISIONING_PROFILE = "";
				TARGETED_DEVICE_FAMILY = "1,2";
				WRAPPER_EXTENSION = app;
			};
			name = Release;
		};
/* End XCBuildConfiguration section */

/* Begin XCConfigurationList section */
		04998CE717F8A933003441C3 /* Build configuration list for PBXProject "my_awesome_game_ios" */ = {
			isa = XCConfigurationList;
			buildConfigurations = (
				04998D1F17F8A933003441C3 /* Debug */,
				04998D2017F8A933003441C3 /* Release */,
			);
			defaultConfigurationIsVisible = 0;
			defaultConfigurationName = Release;
		};
		04998D2117F8A933003441C3 /* Build configuration list for PBXNativeTarget "my_awesome_game_ios" */ = {
			isa = XCConfigurationList;
			buildConfigurations = (
				04998D2217F8A933003441C3 /* Debug */,
				04998D2317F8A933003441C3 /* Release */,
			);
			defaultConfigurationIsVisible = 0;
			defaultConfigurationName = Release;
		};
/* End XCConfigurationList section */
	};
	rootObject = 04998CE417F8A933003441C3 /* Project object */;
}
